// !$*UTF8*$!
{
	archiveVersion = 1;
	classes = {
	};
	objectVersion = 56;
	objects = {

/* Begin PBXBuildFile section */
		6050DA2D2A1E0AE300FB4495 /* AppDelegate.swift in Sources */ = {isa = PBXBuildFile; fileRef = 6050DA2C2A1E0AE300FB4495 /* AppDelegate.swift */; };
		6050DA2F2A1E0AE300FB4495 /* SceneDelegate.swift in Sources */ = {isa = PBXBuildFile; fileRef = 6050DA2E2A1E0AE300FB4495 /* SceneDelegate.swift */; };
		6050DA312A1E0AE300FB4495 /* ViewController.swift in Sources */ = {isa = PBXBuildFile; fileRef = 6050DA302A1E0AE300FB4495 /* ViewController.swift */; };
		6050DA342A1E0AE300FB4495 /* Main.storyboard in Resources */ = {isa = PBXBuildFile; fileRef = 6050DA322A1E0AE300FB4495 /* Main.storyboard */; };
		6050DA362A1E0AE500FB4495 /* Assets.xcassets in Resources */ = {isa = PBXBuildFile; fileRef = 6050DA352A1E0AE500FB4495 /* Assets.xcassets */; };
		6050DA392A1E0AE500FB4495 /* LaunchScreen.storyboard in Resources */ = {isa = PBXBuildFile; fileRef = 6050DA372A1E0AE500FB4495 /* LaunchScreen.storyboard */; };
		6050DA442A1E0AE500FB4495 /* SwiftTestingTests.swift in Sources */ = {isa = PBXBuildFile; fileRef = 6050DA432A1E0AE500FB4495 /* SwiftTestingTests.swift */; };
		6050DA4E2A1E0AE500FB4495 /* SwiftTestingUITests.swift in Sources */ = {isa = PBXBuildFile; fileRef = 6050DA4D2A1E0AE500FB4495 /* SwiftTestingUITests.swift */; };
		6050DA502A1E0AE500FB4495 /* SwiftTestingUITestsLaunchTests.swift in Sources */ = {isa = PBXBuildFile; fileRef = 6050DA4F2A1E0AE500FB4495 /* SwiftTestingUITestsLaunchTests.swift */; };
/* End PBXBuildFile section */

/* Begin PBXContainerItemProxy section */
		6050DA402A1E0AE500FB4495 /* PBXContainerItemProxy */ = {
			isa = PBXContainerItemProxy;
			containerPortal = 6050DA212A1E0AE300FB4495 /* Project object */;
			proxyType = 1;
			remoteGlobalIDString = 6050DA282A1E0AE300FB4495;
			remoteInfo = SwiftTesting;
		};
		6050DA4A2A1E0AE500FB4495 /* PBXContainerItemProxy */ = {
			isa = PBXContainerItemProxy;
			containerPortal = 6050DA212A1E0AE300FB4495 /* Project object */;
			proxyType = 1;
			remoteGlobalIDString = 6050DA282A1E0AE300FB4495;
			remoteInfo = SwiftTesting;
		};
/* End PBXContainerItemProxy section */

/* Begin PBXFileReference section */
		6050DA292A1E0AE300FB4495 /* SwiftTesting.app */ = {isa = PBXFileReference; explicitFileType = wrapper.application; includeInIndex = 0; path = SwiftTesting.app; sourceTree = BUILT_PRODUCTS_DIR; };
		6050DA2C2A1E0AE300FB4495 /* AppDelegate.swift */ = {isa = PBXFileReference; lastKnownFileType = sourcecode.swift; path = AppDelegate.swift; sourceTree = "<group>"; };
		6050DA2E2A1E0AE300FB4495 /* SceneDelegate.swift */ = {isa = PBXFileReference; lastKnownFileType = sourcecode.swift; path = SceneDelegate.swift; sourceTree = "<group>"; };
		6050DA302A1E0AE300FB4495 /* ViewController.swift */ = {isa = PBXFileReference; lastKnownFileType = sourcecode.swift; path = ViewController.swift; sourceTree = "<group>"; };
		6050DA332A1E0AE300FB4495 /* Base */ = {isa = PBXFileReference; lastKnownFileType = file.storyboard; name = Base; path = Base.lproj/Main.storyboard; sourceTree = "<group>"; };
		6050DA352A1E0AE500FB4495 /* Assets.xcassets */ = {isa = PBXFileReference; lastKnownFileType = folder.assetcatalog; path = Assets.xcassets; sourceTree = "<group>"; };
		6050DA382A1E0AE500FB4495 /* Base */ = {isa = PBXFileReference; lastKnownFileType = file.storyboard; name = Base; path = Base.lproj/LaunchScreen.storyboard; sourceTree = "<group>"; };
		6050DA3A2A1E0AE500FB4495 /* Info.plist */ = {isa = PBXFileReference; lastKnownFileType = text.plist.xml; path = Info.plist; sourceTree = "<group>"; };
		6050DA3F2A1E0AE500FB4495 /* SwiftTestingTests.xctest */ = {isa = PBXFileReference; explicitFileType = wrapper.cfbundle; includeInIndex = 0; path = SwiftTestingTests.xctest; sourceTree = BUILT_PRODUCTS_DIR; };
		6050DA432A1E0AE500FB4495 /* SwiftTestingTests.swift */ = {isa = PBXFileReference; lastKnownFileType = sourcecode.swift; path = SwiftTestingTests.swift; sourceTree = "<group>"; };
		6050DA492A1E0AE500FB4495 /* SwiftTestingUITests.xctest */ = {isa = PBXFileReference; explicitFileType = wrapper.cfbundle; includeInIndex = 0; path = SwiftTestingUITests.xctest; sourceTree = BUILT_PRODUCTS_DIR; };
		6050DA4D2A1E0AE500FB4495 /* SwiftTestingUITests.swift */ = {isa = PBXFileReference; lastKnownFileType = sourcecode.swift; path = SwiftTestingUITests.swift; sourceTree = "<group>"; };
		6050DA4F2A1E0AE500FB4495 /* SwiftTestingUITestsLaunchTests.swift */ = {isa = PBXFileReference; lastKnownFileType = sourcecode.swift; path = SwiftTestingUITestsLaunchTests.swift; sourceTree = "<group>"; };
/* End PBXFileReference section */

/* Begin PBXFrameworksBuildPhase section */
		6050DA262A1E0AE300FB4495 /* Frameworks */ = {
			isa = PBXFrameworksBuildPhase;
			buildActionMask = 2147483647;
			files = (
			);
			runOnlyForDeploymentPostprocessing = 0;
		};
		6050DA3C2A1E0AE500FB4495 /* Frameworks */ = {
			isa = PBXFrameworksBuildPhase;
			buildActionMask = 2147483647;
			files = (
			);
			runOnlyForDeploymentPostprocessing = 0;
		};
		6050DA462A1E0AE500FB4495 /* Frameworks */ = {
			isa = PBXFrameworksBuildPhase;
			buildActionMask = 2147483647;
			files = (
			);
			runOnlyForDeploymentPostprocessing = 0;
		};
/* End PBXFrameworksBuildPhase section */

/* Begin PBXGroup section */
		6050DA202A1E0AE300FB4495 = {
			isa = PBXGroup;
			children = (
				6050DA2B2A1E0AE300FB4495 /* SwiftTesting */,
				6050DA422A1E0AE500FB4495 /* SwiftTestingTests */,
				6050DA4C2A1E0AE500FB4495 /* SwiftTestingUITests */,
				6050DA2A2A1E0AE300FB4495 /* Products */,
			);
			sourceTree = "<group>";
		};
		6050DA2A2A1E0AE300FB4495 /* Products */ = {
			isa = PBXGroup;
			children = (
				6050DA292A1E0AE300FB4495 /* SwiftTesting.app */,
				6050DA3F2A1E0AE500FB4495 /* SwiftTestingTests.xctest */,
				6050DA492A1E0AE500FB4495 /* SwiftTestingUITests.xctest */,
			);
			name = Products;
			sourceTree = "<group>";
		};
		6050DA2B2A1E0AE300FB4495 /* SwiftTesting */ = {
			isa = PBXGroup;
			children = (
				6050DA2C2A1E0AE300FB4495 /* AppDelegate.swift */,
				6050DA2E2A1E0AE300FB4495 /* SceneDelegate.swift */,
				6050DA302A1E0AE300FB4495 /* ViewController.swift */,
				6050DA322A1E0AE300FB4495 /* Main.storyboard */,
				6050DA352A1E0AE500FB4495 /* Assets.xcassets */,
				6050DA372A1E0AE500FB4495 /* LaunchScreen.storyboard */,
				6050DA3A2A1E0AE500FB4495 /* Info.plist */,
			);
			path = SwiftTesting;
			sourceTree = "<group>";
		};
		6050DA422A1E0AE500FB4495 /* SwiftTestingTests */ = {
			isa = PBXGroup;
			children = (
				6050DA432A1E0AE500FB4495 /* SwiftTestingTests.swift */,
			);
			path = SwiftTestingTests;
			sourceTree = "<group>";
		};
		6050DA4C2A1E0AE500FB4495 /* SwiftTestingUITests */ = {
			isa = PBXGroup;
			children = (
				6050DA4D2A1E0AE500FB4495 /* SwiftTestingUITests.swift */,
				6050DA4F2A1E0AE500FB4495 /* SwiftTestingUITestsLaunchTests.swift */,
			);
			path = SwiftTestingUITests;
			sourceTree = "<group>";
		};
/* End PBXGroup section */

/* Begin PBXNativeTarget section */
		6050DA282A1E0AE300FB4495 /* SwiftTesting */ = {
			isa = PBXNativeTarget;
			buildConfigurationList = 6050DA532A1E0AE500FB4495 /* Build configuration list for PBXNativeTarget "SwiftTesting" */;
			buildPhases = (
				6050DA252A1E0AE300FB4495 /* Sources */,
				6050DA262A1E0AE300FB4495 /* Frameworks */,
				6050DA272A1E0AE300FB4495 /* Resources */,
			);
			buildRules = (
			);
			dependencies = (
			);
			name = SwiftTesting;
			productName = SwiftTesting;
			productReference = 6050DA292A1E0AE300FB4495 /* SwiftTesting.app */;
			productType = "com.apple.product-type.application";
		};
		6050DA3E2A1E0AE500FB4495 /* SwiftTestingTests */ = {
			isa = PBXNativeTarget;
			buildConfigurationList = 6050DA562A1E0AE500FB4495 /* Build configuration list for PBXNativeTarget "SwiftTestingTests" */;
			buildPhases = (
				6050DA3B2A1E0AE500FB4495 /* Sources */,
				6050DA3C2A1E0AE500FB4495 /* Frameworks */,
				6050DA3D2A1E0AE500FB4495 /* Resources */,
			);
			buildRules = (
			);
			dependencies = (
				6050DA412A1E0AE500FB4495 /* PBXTargetDependency */,
			);
			name = SwiftTestingTests;
			productName = SwiftTestingTests;
			productReference = 6050DA3F2A1E0AE500FB4495 /* SwiftTestingTests.xctest */;
			productType = "com.apple.product-type.bundle.unit-test";
		};
		6050DA482A1E0AE500FB4495 /* SwiftTestingUITests */ = {
			isa = PBXNativeTarget;
			buildConfigurationList = 6050DA592A1E0AE500FB4495 /* Build configuration list for PBXNativeTarget "SwiftTestingUITests" */;
			buildPhases = (
				6050DA452A1E0AE500FB4495 /* Sources */,
				6050DA462A1E0AE500FB4495 /* Frameworks */,
				6050DA472A1E0AE500FB4495 /* Resources */,
			);
			buildRules = (
			);
			dependencies = (
				6050DA4B2A1E0AE500FB4495 /* PBXTargetDependency */,
			);
			name = SwiftTestingUITests;
			productName = SwiftTestingUITests;
			productReference = 6050DA492A1E0AE500FB4495 /* SwiftTestingUITests.xctest */;
			productType = "com.apple.product-type.bundle.ui-testing";
		};
/* End PBXNativeTarget section */

/* Begin PBXProject section */
		6050DA212A1E0AE300FB4495 /* Project object */ = {
			isa = PBXProject;
			attributes = {
				BuildIndependentTargetsInParallel = 1;
				LastSwiftUpdateCheck = 1420;
				LastUpgradeCheck = 1420;
				TargetAttributes = {
					6050DA282A1E0AE300FB4495 = {
						CreatedOnToolsVersion = 14.2;
					};
					6050DA3E2A1E0AE500FB4495 = {
						CreatedOnToolsVersion = 14.2;
						TestTargetID = 6050DA282A1E0AE300FB4495;
					};
					6050DA482A1E0AE500FB4495 = {
						CreatedOnToolsVersion = 14.2;
						TestTargetID = 6050DA282A1E0AE300FB4495;
					};
				};
			};
			buildConfigurationList = 6050DA242A1E0AE300FB4495 /* Build configuration list for PBXProject "SwiftTesting" */;
			compatibilityVersion = "Xcode 14.0";
			developmentRegion = en;
			hasScannedForEncodings = 0;
			knownRegions = (
				en,
				Base,
			);
			mainGroup = 6050DA202A1E0AE300FB4495;
			productRefGroup = 6050DA2A2A1E0AE300FB4495 /* Products */;
			projectDirPath = "";
			projectRoot = "";
			targets = (
				6050DA282A1E0AE300FB4495 /* SwiftTesting */,
				6050DA3E2A1E0AE500FB4495 /* SwiftTestingTests */,
				6050DA482A1E0AE500FB4495 /* SwiftTestingUITests */,
			);
		};
/* End PBXProject section */

/* Begin PBXResourcesBuildPhase section */
		6050DA272A1E0AE300FB4495 /* Resources */ = {
			isa = PBXResourcesBuildPhase;
			buildActionMask = 2147483647;
			files = (
				6050DA392A1E0AE500FB4495 /* LaunchScreen.storyboard in Resources */,
				6050DA362A1E0AE500FB4495 /* Assets.xcassets in Resources */,
				6050DA342A1E0AE300FB4495 /* Main.storyboard in Resources */,
			);
			runOnlyForDeploymentPostprocessing = 0;
		};
		6050DA3D2A1E0AE500FB4495 /* Resources */ = {
			isa = PBXResourcesBuildPhase;
			buildActionMask = 2147483647;
			files = (
			);
			runOnlyForDeploymentPostprocessing = 0;
		};
		6050DA472A1E0AE500FB4495 /* Resources */ = {
			isa = PBXResourcesBuildPhase;
			buildActionMask = 2147483647;
			files = (
			);
			runOnlyForDeploymentPostprocessing = 0;
		};
/* End PBXResourcesBuildPhase section */

/* Begin PBXSourcesBuildPhase section */
		6050DA252A1E0AE300FB4495 /* Sources */ = {
			isa = PBXSourcesBuildPhase;
			buildActionMask = 2147483647;
			files = (
				6050DA312A1E0AE300FB4495 /* ViewController.swift in Sources */,
				6050DA2D2A1E0AE300FB4495 /* AppDelegate.swift in Sources */,
				6050DA2F2A1E0AE300FB4495 /* SceneDelegate.swift in Sources */,
			);
			runOnlyForDeploymentPostprocessing = 0;
		};
		6050DA3B2A1E0AE500FB4495 /* Sources */ = {
			isa = PBXSourcesBuildPhase;
			buildActionMask = 2147483647;
			files = (
				6050DA442A1E0AE500FB4495 /* SwiftTestingTests.swift in Sources */,
			);
			runOnlyForDeploymentPostprocessing = 0;
		};
		6050DA452A1E0AE500FB4495 /* Sources */ = {
			isa = PBXSourcesBuildPhase;
			buildActionMask = 2147483647;
			files = (
				6050DA4E2A1E0AE500FB4495 /* SwiftTestingUITests.swift in Sources */,
				6050DA502A1E0AE500FB4495 /* SwiftTestingUITestsLaunchTests.swift in Sources */,
			);
			runOnlyForDeploymentPostprocessing = 0;
		};
/* End PBXSourcesBuildPhase section */

/* Begin PBXTargetDependency section */
		6050DA412A1E0AE500FB4495 /* PBXTargetDependency */ = {
			isa = PBXTargetDependency;
			target = 6050DA282A1E0AE300FB4495 /* SwiftTesting */;
			targetProxy = 6050DA402A1E0AE500FB4495 /* PBXContainerItemProxy */;
		};
		6050DA4B2A1E0AE500FB4495 /* PBXTargetDependency */ = {
			isa = PBXTargetDependency;
			target = 6050DA282A1E0AE300FB4495 /* SwiftTesting */;
			targetProxy = 6050DA4A2A1E0AE500FB4495 /* PBXContainerItemProxy */;
		};
/* End PBXTargetDependency section */

/* Begin PBXVariantGroup section */
		6050DA322A1E0AE300FB4495 /* Main.storyboard */ = {
			isa = PBXVariantGroup;
			children = (
				6050DA332A1E0AE300FB4495 /* Base */,
			);
			name = Main.storyboard;
			sourceTree = "<group>";
		};
		6050DA372A1E0AE500FB4495 /* LaunchScreen.storyboard */ = {
			isa = PBXVariantGroup;
			children = (
				6050DA382A1E0AE500FB4495 /* Base */,
			);
			name = LaunchScreen.storyboard;
			sourceTree = "<group>";
		};
/* End PBXVariantGroup section */

/* Begin XCBuildConfiguration section */
		6050DA512A1E0AE500FB4495 /* Debug */ = {
			isa = XCBuildConfiguration;
			buildSettings = {
				ALWAYS_SEARCH_USER_PATHS = NO;
				CLANG_ANALYZER_NONNULL = YES;
				CLANG_ANALYZER_NUMBER_OBJECT_CONVERSION = YES_AGGRESSIVE;
				CLANG_CXX_LANGUAGE_STANDARD = "gnu++20";
				CLANG_ENABLE_MODULES = YES;
				CLANG_ENABLE_OBJC_ARC = YES;
				CLANG_ENABLE_OBJC_WEAK = YES;
				CLANG_WARN_BLOCK_CAPTURE_AUTORELEASING = YES;
				CLANG_WARN_BOOL_CONVERSION = YES;
				CLANG_WARN_COMMA = YES;
				CLANG_WARN_CONSTANT_CONVERSION = YES;
				CLANG_WARN_DEPRECATED_OBJC_IMPLEMENTATIONS = YES;
				CLANG_WARN_DIRECT_OBJC_ISA_USAGE = YES_ERROR;
				CLANG_WARN_DOCUMENTATION_COMMENTS = YES;
				CLANG_WARN_EMPTY_BODY = YES;
				CLANG_WARN_ENUM_CONVERSION = YES;
				CLANG_WARN_INFINITE_RECURSION = YES;
				CLANG_WARN_INT_CONVERSION = YES;
				CLANG_WARN_NON_LITERAL_NULL_CONVERSION = YES;
				CLANG_WARN_OBJC_IMPLICIT_RETAIN_SELF = YES;
				CLANG_WARN_OBJC_LITERAL_CONVERSION = YES;
				CLANG_WARN_OBJC_ROOT_CLASS = YES_ERROR;
				CLANG_WARN_QUOTED_INCLUDE_IN_FRAMEWORK_HEADER = YES;
				CLANG_WARN_RANGE_LOOP_ANALYSIS = YES;
				CLANG_WARN_STRICT_PROTOTYPES = YES;
				CLANG_WARN_SUSPICIOUS_MOVE = YES;
				CLANG_WARN_UNGUARDED_AVAILABILITY = YES_AGGRESSIVE;
				CLANG_WARN_UNREACHABLE_CODE = YES;
				CLANG_WARN__DUPLICATE_METHOD_MATCH = YES;
				COPY_PHASE_STRIP = NO;
				DEBUG_INFORMATION_FORMAT = dwarf;
				ENABLE_STRICT_OBJC_MSGSEND = YES;
				ENABLE_TESTABILITY = YES;
				GCC_C_LANGUAGE_STANDARD = gnu11;
				GCC_DYNAMIC_NO_PIC = NO;
				GCC_NO_COMMON_BLOCKS = YES;
				GCC_OPTIMIZATION_LEVEL = 0;
				GCC_PREPROCESSOR_DEFINITIONS = (
					"DEBUG=1",
					"$(inherited)",
				);
				GCC_WARN_64_TO_32_BIT_CONVERSION = YES;
				GCC_WARN_ABOUT_RETURN_TYPE = YES_ERROR;
				GCC_WARN_UNDECLARED_SELECTOR = YES;
				GCC_WARN_UNINITIALIZED_AUTOS = YES_AGGRESSIVE;
				GCC_WARN_UNUSED_FUNCTION = YES;
				GCC_WARN_UNUSED_VARIABLE = YES;
				IPHONEOS_DEPLOYMENT_TARGET = 16.2;
				MTL_ENABLE_DEBUG_INFO = INCLUDE_SOURCE;
				MTL_FAST_MATH = YES;
				ONLY_ACTIVE_ARCH = YES;
				SDKROOT = iphoneos;
				SWIFT_ACTIVE_COMPILATION_CONDITIONS = DEBUG;
				SWIFT_OPTIMIZATION_LEVEL = "-Onone";
			};
			name = Debug;
		};
		6050DA522A1E0AE500FB4495 /* Release */ = {
			isa = XCBuildConfiguration;
			buildSettings = {
				ALWAYS_SEARCH_USER_PATHS = NO;
				CLANG_ANALYZER_NONNULL = YES;
				CLANG_ANALYZER_NUMBER_OBJECT_CONVERSION = YES_AGGRESSIVE;
				CLANG_CXX_LANGUAGE_STANDARD = "gnu++20";
				CLANG_ENABLE_MODULES = YES;
				CLANG_ENABLE_OBJC_ARC = YES;
				CLANG_ENABLE_OBJC_WEAK = YES;
				CLANG_WARN_BLOCK_CAPTURE_AUTORELEASING = YES;
				CLANG_WARN_BOOL_CONVERSION = YES;
				CLANG_WARN_COMMA = YES;
				CLANG_WARN_CONSTANT_CONVERSION = YES;
				CLANG_WARN_DEPRECATED_OBJC_IMPLEMENTATIONS = YES;
				CLANG_WARN_DIRECT_OBJC_ISA_USAGE = YES_ERROR;
				CLANG_WARN_DOCUMENTATION_COMMENTS = YES;
				CLANG_WARN_EMPTY_BODY = YES;
				CLANG_WARN_ENUM_CONVERSION = YES;
				CLANG_WARN_INFINITE_RECURSION = YES;
				CLANG_WARN_INT_CONVERSION = YES;
				CLANG_WARN_NON_LITERAL_NULL_CONVERSION = YES;
				CLANG_WARN_OBJC_IMPLICIT_RETAIN_SELF = YES;
				CLANG_WARN_OBJC_LITERAL_CONVERSION = YES;
				CLANG_WARN_OBJC_ROOT_CLASS = YES_ERROR;
				CLANG_WARN_QUOTED_INCLUDE_IN_FRAMEWORK_HEADER = YES;
				CLANG_WARN_RANGE_LOOP_ANALYSIS = YES;
				CLANG_WARN_STRICT_PROTOTYPES = YES;
				CLANG_WARN_SUSPICIOUS_MOVE = YES;
				CLANG_WARN_UNGUARDED_AVAILABILITY = YES_AGGRESSIVE;
				CLANG_WARN_UNREACHABLE_CODE = YES;
				CLANG_WARN__DUPLICATE_METHOD_MATCH = YES;
				COPY_PHASE_STRIP = NO;
				DEBUG_INFORMATION_FORMAT = "dwarf-with-dsym";
				ENABLE_NS_ASSERTIONS = NO;
				ENABLE_STRICT_OBJC_MSGSEND = YES;
				GCC_C_LANGUAGE_STANDARD = gnu11;
				GCC_NO_COMMON_BLOCKS = YES;
				GCC_WARN_64_TO_32_BIT_CONVERSION = YES;
				GCC_WARN_ABOUT_RETURN_TYPE = YES_ERROR;
				GCC_WARN_UNDECLARED_SELECTOR = YES;
				GCC_WARN_UNINITIALIZED_AUTOS = YES_AGGRESSIVE;
				GCC_WARN_UNUSED_FUNCTION = YES;
				GCC_WARN_UNUSED_VARIABLE = YES;
				IPHONEOS_DEPLOYMENT_TARGET = 16.2;
				MTL_ENABLE_DEBUG_INFO = NO;
				MTL_FAST_MATH = YES;
				SDKROOT = iphoneos;
				SWIFT_COMPILATION_MODE = wholemodule;
				SWIFT_OPTIMIZATION_LEVEL = "-O";
				VALIDATE_PRODUCT = YES;
			};
			name = Release;
		};
		6050DA542A1E0AE500FB4495 /* Debug */ = {
			isa = XCBuildConfiguration;
			buildSettings = {
				ASSETCATALOG_COMPILER_APPICON_NAME = AppIcon;
				ASSETCATALOG_COMPILER_GLOBAL_ACCENT_COLOR_NAME = AccentColor;
				CODE_SIGN_STYLE = Automatic;
				CURRENT_PROJECT_VERSION = 1;
				DEVELOPMENT_TEAM = G58UNYLJYD;
				GENERATE_INFOPLIST_FILE = YES;
				INFOPLIST_FILE = SwiftTesting/Info.plist;
				INFOPLIST_KEY_UIApplicationSupportsIndirectInputEvents = YES;
				INFOPLIST_KEY_UILaunchStoryboardName = LaunchScreen;
				INFOPLIST_KEY_UIMainStoryboardFile = Main;
				INFOPLIST_KEY_UISupportedInterfaceOrientations_iPad = "UIInterfaceOrientationPortrait UIInterfaceOrientationPortraitUpsideDown UIInterfaceOrientationLandscapeLeft UIInterfaceOrientationLandscapeRight";
				INFOPLIST_KEY_UISupportedInterfaceOrientations_iPhone = "UIInterfaceOrientationPortrait UIInterfaceOrientationLandscapeLeft UIInterfaceOrientationLandscapeRight";
				LD_RUNPATH_SEARCH_PATHS = (
					"$(inherited)",
					"@executable_path/Frameworks",
				);
				MARKETING_VERSION = 1.0;
				PRODUCT_BUNDLE_IDENTIFIER = com.aliserkanboyraci.SwiftTesting;
				PRODUCT_NAME = "$(TARGET_NAME)";
				SWIFT_EMIT_LOC_STRINGS = YES;
				SWIFT_VERSION = 5.0;
				TARGETED_DEVICE_FAMILY = "1,2";
			};
			name = Debug;
		};
		6050DA552A1E0AE500FB4495 /* Release */ = {
			isa = XCBuildConfiguration;
			buildSettings = {
				ASSETCATALOG_COMPILER_APPICON_NAME = AppIcon;
				ASSETCATALOG_COMPILER_GLOBAL_ACCENT_COLOR_NAME = AccentColor;
				CODE_SIGN_STYLE = Automatic;
				CURRENT_PROJECT_VERSION = 1;
				DEVELOPMENT_TEAM = G58UNYLJYD;
				GENERATE_INFOPLIST_FILE = YES;
				INFOPLIST_FILE = SwiftTesting/Info.plist;
				INFOPLIST_KEY_UIApplicationSupportsIndirectInputEvents = YES;
				INFOPLIST_KEY_UILaunchStoryboardName = LaunchScreen;
				INFOPLIST_KEY_UIMainStoryboardFile = Main;
				INFOPLIST_KEY_UISupportedInterfaceOrientations_iPad = "UIInterfaceOrientationPortrait UIInterfaceOrientationPortraitUpsideDown UIInterfaceOrientationLandscapeLeft UIInterfaceOrientationLandscapeRight";
				INFOPLIST_KEY_UISupportedInterfaceOrientations_iPhone = "UIInterfaceOrientationPortrait UIInterfaceOrientationLandscapeLeft UIInterfaceOrientationLandscapeRight";
				LD_RUNPATH_SEARCH_PATHS = (
					"$(inherited)",
					"@executable_path/Frameworks",
				);
				MARKETING_VERSION = 1.0;
				PRODUCT_BUNDLE_IDENTIFIER = com.aliserkanboyraci.SwiftTesting;
				PRODUCT_NAME = "$(TARGET_NAME)";
				SWIFT_EMIT_LOC_STRINGS = YES;
				SWIFT_VERSION = 5.0;
				TARGETED_DEVICE_FAMILY = "1,2";
			};
			name = Release;
		};
		6050DA572A1E0AE500FB4495 /* Debug */ = {
			isa = XCBuildConfiguration;
			buildSettings = {
				ALWAYS_EMBED_SWIFT_STANDARD_LIBRARIES = YES;
				BUNDLE_LOADER = "$(TEST_HOST)";
				CODE_SIGN_STYLE = Automatic;
				CURRENT_PROJECT_VERSION = 1;
				DEVELOPMENT_TEAM = G58UNYLJYD;
				GENERATE_INFOPLIST_FILE = YES;
				IPHONEOS_DEPLOYMENT_TARGET = 16.2;
				MARKETING_VERSION = 1.0;
				PRODUCT_BUNDLE_IDENTIFIER = com.aliserkanboyraci.SwiftTestingTests;
				PRODUCT_NAME = "$(TARGET_NAME)";
				SWIFT_EMIT_LOC_STRINGS = NO;
				SWIFT_VERSION = 5.0;
				TARGETED_DEVICE_FAMILY = "1,2";
				TEST_HOST = "$(BUILT_PRODUCTS_DIR)/SwiftTesting.app/$(BUNDLE_EXECUTABLE_FOLDER_PATH)/SwiftTesting";
			};
			name = Debug;
		};
		6050DA582A1E0AE500FB4495 /* Release */ = {
			isa = XCBuildConfiguration;
			buildSettings = {
				ALWAYS_EMBED_SWIFT_STANDARD_LIBRARIES = YES;
				BUNDLE_LOADER = "$(TEST_HOST)";
				CODE_SIGN_STYLE = Automatic;
				CURRENT_PROJECT_VERSION = 1;
				DEVELOPMENT_TEAM = G58UNYLJYD;
				GENERATE_INFOPLIST_FILE = YES;
				IPHONEOS_DEPLOYMENT_TARGET = 16.2;
				MARKETING_VERSION = 1.0;
				PRODUCT_BUNDLE_IDENTIFIER = com.aliserkanboyraci.SwiftTestingTests;
				PRODUCT_NAME = "$(TARGET_NAME)";
				SWIFT_EMIT_LOC_STRINGS = NO;
				SWIFT_VERSION = 5.0;
				TARGETED_DEVICE_FAMILY = "1,2";
				TEST_HOST = "$(BUILT_PRODUCTS_DIR)/SwiftTesting.app/$(BUNDLE_EXECUTABLE_FOLDER_PATH)/SwiftTesting";
			};
			name = Release;
		};
		6050DA5A2A1E0AE500FB4495 /* Debug */ = {
			isa = XCBuildConfiguration;
			buildSettings = {
				ALWAYS_EMBED_SWIFT_STANDARD_LIBRARIES = YES;
				CODE_SIGN_STYLE = Automatic;
				CURRENT_PROJECT_VERSION = 1;
				DEVELOPMENT_TEAM = G58UNYLJYD;
				GENERATE_INFOPLIST_FILE = YES;
				MARKETING_VERSION = 1.0;
				PRODUCT_BUNDLE_IDENTIFIER = com.aliserkanboyraci.SwiftTestingUITests;
				PRODUCT_NAME = "$(TARGET_NAME)";
				SWIFT_EMIT_LOC_STRINGS = NO;
				SWIFT_VERSION = 5.0;
				TARGETED_DEVICE_FAMILY = "1,2";
				TEST_TARGET_NAME = SwiftTesting;
			};
			name = Debug;
		};
		6050DA5B2A1E0AE500FB4495 /* Release */ = {
			isa = XCBuildConfiguration;
			buildSettings = {
				ALWAYS_EMBED_SWIFT_STANDARD_LIBRARIES = YES;
				CODE_SIGN_STYLE = Automatic;
				CURRENT_PROJECT_VERSION = 1;
				DEVELOPMENT_TEAM = G58UNYLJYD;
				GENERATE_INFOPLIST_FILE = YES;
				MARKETING_VERSION = 1.0;
				PRODUCT_BUNDLE_IDENTIFIER = com.aliserkanboyraci.SwiftTestingUITests;
				PRODUCT_NAME = "$(TARGET_NAME)";
				SWIFT_EMIT_LOC_STRINGS = NO;
				SWIFT_VERSION = 5.0;
				TARGETED_DEVICE_FAMILY = "1,2";
				TEST_TARGET_NAME = SwiftTesting;
			};
			name = Release;
		};
/* End XCBuildConfiguration section */

/* Begin XCConfigurationList section */
		6050DA242A1E0AE300FB4495 /* Build configuration list for PBXProject "SwiftTesting" */ = {
			isa = XCConfigurationList;
			buildConfigurations = (
				6050DA512A1E0AE500FB4495 /* Debug */,
				6050DA522A1E0AE500FB4495 /* Release */,
			);
			defaultConfigurationIsVisible = 0;
			defaultConfigurationName = Release;
		};
		6050DA532A1E0AE500FB4495 /* Build configuration list for PBXNativeTarget "SwiftTesting" */ = {
			isa = XCConfigurationList;
			buildConfigurations = (
				6050DA542A1E0AE500FB4495 /* Debug */,
				6050DA552A1E0AE500FB4495 /* Release */,
			);
			defaultConfigurationIsVisible = 0;
			defaultConfigurationName = Release;
		};
		6050DA562A1E0AE500FB4495 /* Build configuration list for PBXNativeTarget "SwiftTestingTests" */ = {
			isa = XCConfigurationList;
			buildConfigurations = (
				6050DA572A1E0AE500FB4495 /* Debug */,
				6050DA582A1E0AE500FB4495 /* Release */,
			);
			defaultConfigurationIsVisible = 0;
			defaultConfigurationName = Release;
		};
		6050DA592A1E0AE500FB4495 /* Build configuration list for PBXNativeTarget "SwiftTestingUITests" */ = {
			isa = XCConfigurationList;
			buildConfigurations = (
				6050DA5A2A1E0AE500FB4495 /* Debug */,
				6050DA5B2A1E0AE500FB4495 /* Release */,
			);
			defaultConfigurationIsVisible = 0;
			defaultConfigurationName = Release;
		};
/* End XCConfigurationList section */
	};
	rootObject = 6050DA212A1E0AE300FB4495 /* Project object */;
}
